
Microsoft Visual Studio Solution File, Format Version 12.00
# Visual Studio Version 17
VisualStudioVersion = 17.4.33110.190
MinimumVisualStudioVersion = 10.0.40219.1
Project("{FAE04EC0-301F-11D3-BF4B-00C04F79EFBC}") = "Open-Lab-10,03", "Open-Lab-10,03\Open-Lab-10,03.csproj", "{732F526B-DAEB-4B2E-91EF-8D19DD910FE5}"
EndProject
Global
	GlobalSection(SolutionConfigurationPlatforms) = preSolution
		Debug|Any CPU = Debug|Any CPU
		Release|Any CPU = Release|Any CPU
	EndGlobalSection
	GlobalSection(ProjectConfigurationPlatforms) = postSolution
		{732F526B-DAEB-4B2E-91EF-8D19DD910FE5}.Debug|Any CPU.ActiveCfg = Debug|Any CPU
		{732F526B-DAEB-4B2E-91EF-8D19DD910FE5}.Debug|Any CPU.Build.0 = Debug|Any CPU
		{732F526B-DAEB-4B2E-91EF-8D19DD910FE5}.Release|Any CPU.ActiveCfg = Release|Any CPU
		{732F526B-DAEB-4B2E-91EF-8D19DD910FE5}.Release|Any CPU.Build.0 = Release|Any CPU
	EndGlobalSection
	GlobalSection(SolutionProperties) = preSolution
		HideSolutionNode = FALSE
	EndGlobalSection
	GlobalSection(ExtensibilityGlobals) = postSolution
		SolutionGuid = {56525665-C8A4-45BF-910F-7004D26BE5E6}
	EndGlobalSection
EndGlobal
